Microsoft Visual Studio Solution File, Format Version 11.00
# Visual Studio 2015
Project("{4B8446E4-633A-77CC-1845-5CAD27996DE1}") = "CIELCHColourDemo", "CIELCHColourDemo.vcxproj", "{3605FD85-7B4D-4651-C5BA-D56BAFBBB372}"
EndProject
Global
	GlobalSection(SolutionConfigurationPlatforms) = preSolution
		Debug|Win32 = Debug|Win32
		Release|Win32 = Release|Win32
	EndGlobalSection
	GlobalSection(ProjectConfigurationPlatforms) = postSolution
		{3605FD85-7B4D-4651-C5BA-D56BAFBBB372}.Debug|Win32.ActiveCfg = Debug|Win32
		{3605FD85-7B4D-4651-C5BA-D56BAFBBB372}.Debug|Win32.Build.0 = Debug|Win32
		{3605FD85-7B4D-4651-C5BA-D56BAFBBB372}.Release|Win32.ActiveCfg = Release|Win32
		{3605FD85-7B4D-4651-C5BA-D56BAFBBB372}.Release|Win32.Build.0 = Release|Win32
	EndGlobalSection
	GlobalSection(SolutionProperties) = preSolution
		HideSolutionNode = FALSE
	EndGlobalSection
EndGlobal
